// !$*UTF8*$!
{
	archiveVersion = 1;
	classes = {
	};
	objectVersion = 48;
	objects = {

/* Begin PBXBuildFile section */
		76AE6D391F8F458B009298A9 /* AppDelegate.m in Sources */ = {isa = PBXBuildFile; fileRef = 76AE6D381F8F458B009298A9 /* AppDelegate.m */; };
		76AE6D3C1F8F458B009298A9 /* ViewController.m in Sources */ = {isa = PBXBuildFile; fileRef = 76AE6D3B1F8F458B009298A9 /* ViewController.m */; };
		76AE6D3F1F8F458B009298A9 /* Main.storyboard in Resources */ = {isa = PBXBuildFile; fileRef = 76AE6D3D1F8F458B009298A9 /* Main.storyboard */; };
		76AE6D411F8F458B009298A9 /* Assets.xcassets in Resources */ = {isa = PBXBuildFile; fileRef = 76AE6D401F8F458B009298A9 /* Assets.xcassets */; };
		76AE6D441F8F458B009298A9 /* LaunchScreen.storyboard in Resources */ = {isa = PBXBuildFile; fileRef = 76AE6D421F8F458B009298A9 /* LaunchScreen.storyboard */; };
		76AE6D471F8F458B009298A9 /* main.m in Sources */ = {isa = PBXBuildFile; fileRef = 76AE6D461F8F458B009298A9 /* main.m */; };
		76AE6D511F8F458B009298A9 /* SimpleCalculatorTests.m in Sources */ = {isa = PBXBuildFile; fileRef = 76AE6D501F8F458B009298A9 /* SimpleCalculatorTests.m */; };
		76AE6D5C1F8F458B009298A9 /* SimpleCalculatorUITests.m in Sources */ = {isa = PBXBuildFile; fileRef = 76AE6D5B1F8F458B009298A9 /* SimpleCalculatorUITests.m */; };
/* End PBXBuildFile section */

/* Begin PBXContainerItemProxy section */
		76AE6D4D1F8F458B009298A9 /* PBXContainerItemProxy */ = {
			isa = PBXContainerItemProxy;
			containerPortal = 76AE6D2C1F8F458B009298A9 /* Project object */;
			proxyType = 1;
			remoteGlobalIDString = 76AE6D331F8F458B009298A9;
			remoteInfo = SimpleCalculator;
		};
		76AE6D581F8F458B009298A9 /* PBXContainerItemProxy */ = {
			isa = PBXContainerItemProxy;
			containerPortal = 76AE6D2C1F8F458B009298A9 /* Project object */;
			proxyType = 1;
			remoteGlobalIDString = 76AE6D331F8F458B009298A9;
			remoteInfo = SimpleCalculator;
		};
/* End PBXContainerItemProxy section */

/* Begin PBXFileReference section */
		76AE6D341F8F458B009298A9 /* SimpleCalculator.app */ = {isa = PBXFileReference; explicitFileType = wrapper.application; includeInIndex = 0; path = SimpleCalculator.app; sourceTree = BUILT_PRODUCTS_DIR; };
		76AE6D371F8F458B009298A9 /* AppDelegate.h */ = {isa = PBXFileReference; lastKnownFileType = sourcecode.c.h; path = AppDelegate.h; sourceTree = "<group>"; };
		76AE6D381F8F458B009298A9 /* AppDelegate.m */ = {isa = PBXFileReference; lastKnownFileType = sourcecode.c.objc; path = AppDelegate.m; sourceTree = "<group>"; };
		76AE6D3A1F8F458B009298A9 /* ViewController.h */ = {isa = PBXFileReference; lastKnownFileType = sourcecode.c.h; path = ViewController.h; sourceTree = "<group>"; };
		76AE6D3B1F8F458B009298A9 /* ViewController.m */ = {isa = PBXFileReference; lastKnownFileType = sourcecode.c.objc; path = ViewController.m; sourceTree = "<group>"; };
		76AE6D3E1F8F458B009298A9 /* Base */ = {isa = PBXFileReference; lastKnownFileType = file.storyboard; name = Base; path = Base.lproj/Main.storyboard; sourceTree = "<group>"; };
		76AE6D401F8F458B009298A9 /* Assets.xcassets */ = {isa = PBXFileReference; lastKnownFileType = folder.assetcatalog; path = Assets.xcassets; sourceTree = "<group>"; };
		76AE6D431F8F458B009298A9 /* Base */ = {isa = PBXFileReference; lastKnownFileType = file.storyboard; name = Base; path = Base.lproj/LaunchScreen.storyboard; sourceTree = "<group>"; };
		76AE6D451F8F458B009298A9 /* Info.plist */ = {isa = PBXFileReference; lastKnownFileType = text.plist.xml; path = Info.plist; sourceTree = "<group>"; };
		76AE6D461F8F458B009298A9 /* main.m */ = {isa = PBXFileReference; lastKnownFileType = sourcecode.c.objc; path = main.m; sourceTree = "<group>"; };
		76AE6D4C1F8F458B009298A9 /* SimpleCalculatorTests.xctest */ = {isa = PBXFileReference; explicitFileType = wrapper.cfbundle; includeInIndex = 0; path = SimpleCalculatorTests.xctest; sourceTree = BUILT_PRODUCTS_DIR; };
		76AE6D501F8F458B009298A9 /* SimpleCalculatorTests.m */ = {isa = PBXFileReference; lastKnownFileType = sourcecode.c.objc; path = SimpleCalculatorTests.m; sourceTree = "<group>"; };
		76AE6D521F8F458B009298A9 /* Info.plist */ = {isa = PBXFileReference; lastKnownFileType = text.plist.xml; path = Info.plist; sourceTree = "<group>"; };
		76AE6D571F8F458B009298A9 /* SimpleCalculatorUITests.xctest */ = {isa = PBXFileReference; explicitFileType = wrapper.cfbundle; includeInIndex = 0; path = SimpleCalculatorUITests.xctest; sourceTree = BUILT_PRODUCTS_DIR; };
		76AE6D5B1F8F458B009298A9 /* SimpleCalculatorUITests.m */ = {isa = PBXFileReference; lastKnownFileType = sourcecode.c.objc; path = SimpleCalculatorUITests.m; sourceTree = "<group>"; };
		76AE6D5D1F8F458B009298A9 /* Info.plist */ = {isa = PBXFileReference; lastKnownFileType = text.plist.xml; path = Info.plist; sourceTree = "<group>"; };
/* End PBXFileReference section */

/* Begin PBXFrameworksBuildPhase section */
		76AE6D311F8F458B009298A9 /* Frameworks */ = {
			isa = PBXFrameworksBuildPhase;
			buildActionMask = 2147483647;
			files = (
			);
			runOnlyForDeploymentPostprocessing = 0;
		};
		76AE6D491F8F458B009298A9 /* Frameworks */ = {
			isa = PBXFrameworksBuildPhase;
			buildActionMask = 2147483647;
			files = (
			);
			runOnlyForDeploymentPostprocessing = 0;
		};
		76AE6D541F8F458B009298A9 /* Frameworks */ = {
			isa = PBXFrameworksBuildPhase;
			buildActionMask = 2147483647;
			files = (
			);
			runOnlyForDeploymentPostprocessing = 0;
		};
/* End PBXFrameworksBuildPhase section */

/* Begin PBXGroup section */
		76AE6D2B1F8F458B009298A9 = {
			isa = PBXGroup;
			children = (
				76AE6D361F8F458B009298A9 /* SimpleCalculator */,
				76AE6D4F1F8F458B009298A9 /* SimpleCalculatorTests */,
				76AE6D5A1F8F458B009298A9 /* SimpleCalculatorUITests */,
				76AE6D351F8F458B009298A9 /* Products */,
			);
			sourceTree = "<group>";
		};
		76AE6D351F8F458B009298A9 /* Products */ = {
			isa = PBXGroup;
			children = (
				76AE6D341F8F458B009298A9 /* SimpleCalculator.app */,
				76AE6D4C1F8F458B009298A9 /* SimpleCalculatorTests.xctest */,
				76AE6D571F8F458B009298A9 /* SimpleCalculatorUITests.xctest */,
			);
			name = Products;
			sourceTree = "<group>";
		};
		76AE6D361F8F458B009298A9 /* SimpleCalculator */ = {
			isa = PBXGroup;
			children = (
				76AE6D371F8F458B009298A9 /* AppDelegate.h */,
				76AE6D381F8F458B009298A9 /* AppDelegate.m */,
				76AE6D3A1F8F458B009298A9 /* ViewController.h */,
				76AE6D3B1F8F458B009298A9 /* ViewController.m */,
				76AE6D3D1F8F458B009298A9 /* Main.storyboard */,
				76AE6D401F8F458B009298A9 /* Assets.xcassets */,
				76AE6D421F8F458B009298A9 /* LaunchScreen.storyboard */,
				76AE6D451F8F458B009298A9 /* Info.plist */,
				76AE6D461F8F458B009298A9 /* main.m */,
			);
			path = SimpleCalculator;
			sourceTree = "<group>";
		};
		76AE6D4F1F8F458B009298A9 /* SimpleCalculatorTests */ = {
			isa = PBXGroup;
			children = (
				76AE6D501F8F458B009298A9 /* SimpleCalculatorTests.m */,
				76AE6D521F8F458B009298A9 /* Info.plist */,
			);
			path = SimpleCalculatorTests;
			sourceTree = "<group>";
		};
		76AE6D5A1F8F458B009298A9 /* SimpleCalculatorUITests */ = {
			isa = PBXGroup;
			children = (
				76AE6D5B1F8F458B009298A9 /* SimpleCalculatorUITests.m */,
				76AE6D5D1F8F458B009298A9 /* Info.plist */,
			);
			path = SimpleCalculatorUITests;
			sourceTree = "<group>";
		};
/* End PBXGroup section */

/* Begin PBXNativeTarget section */
		76AE6D331F8F458B009298A9 /* SimpleCalculator */ = {
			isa = PBXNativeTarget;
			buildConfigurationList = 76AE6D601F8F458B009298A9 /* Build configuration list for PBXNativeTarget "SimpleCalculator" */;
			buildPhases = (
				76AE6D301F8F458B009298A9 /* Sources */,
				76AE6D311F8F458B009298A9 /* Frameworks */,
				76AE6D321F8F458B009298A9 /* Resources */,
			);
			buildRules = (
			);
			dependencies = (
			);
			name = SimpleCalculator;
			productName = SimpleCalculator;
			productReference = 76AE6D341F8F458B009298A9 /* SimpleCalculator.app */;
			productType = "com.apple.product-type.application";
		};
		76AE6D4B1F8F458B009298A9 /* SimpleCalculatorTests */ = {
			isa = PBXNativeTarget;
			buildConfigurationList = 76AE6D631F8F458B009298A9 /* Build configuration list for PBXNativeTarget "SimpleCalculatorTests" */;
			buildPhases = (
				76AE6D481F8F458B009298A9 /* Sources */,
				76AE6D491F8F458B009298A9 /* Frameworks */,
				76AE6D4A1F8F458B009298A9 /* Resources */,
			);
			buildRules = (
			);
			dependencies = (
				76AE6D4E1F8F458B009298A9 /* PBXTargetDependency */,
			);
			name = SimpleCalculatorTests;
			productName = SimpleCalculatorTests;
			productReference = 76AE6D4C1F8F458B009298A9 /* SimpleCalculatorTests.xctest */;
			productType = "com.apple.product-type.bundle.unit-test";
		};
		76AE6D561F8F458B009298A9 /* SimpleCalculatorUITests */ = {
			isa = PBXNativeTarget;
			buildConfigurationList = 76AE6D661F8F458B009298A9 /* Build configuration list for PBXNativeTarget "SimpleCalculatorUITests" */;
			buildPhases = (
				76AE6D531F8F458B009298A9 /* Sources */,
				76AE6D541F8F458B009298A9 /* Frameworks */,
				76AE6D551F8F458B009298A9 /* Resources */,
			);
			buildRules = (
			);
			dependencies = (
				76AE6D591F8F458B009298A9 /* PBXTargetDependency */,
			);
			name = SimpleCalculatorUITests;
			productName = SimpleCalculatorUITests;
			productReference = 76AE6D571F8F458B009298A9 /* SimpleCalculatorUITests.xctest */;
			productType = "com.apple.product-type.bundle.ui-testing";
		};
/* End PBXNativeTarget section */

/* Begin PBXProject section */
		76AE6D2C1F8F458B009298A9 /* Project object */ = {
			isa = PBXProject;
			attributes = {
				LastUpgradeCheck = 0900;
				ORGANIZATIONNAME = ith;
				TargetAttributes = {
					76AE6D331F8F458B009298A9 = {
						CreatedOnToolsVersion = 9.0;
						ProvisioningStyle = Automatic;
					};
					76AE6D4B1F8F458B009298A9 = {
						CreatedOnToolsVersion = 9.0;
						ProvisioningStyle = Automatic;
						TestTargetID = 76AE6D331F8F458B009298A9;
					};
					76AE6D561F8F458B009298A9 = {
						CreatedOnToolsVersion = 9.0;
						ProvisioningStyle = Automatic;
						TestTargetID = 76AE6D331F8F458B009298A9;
					};
				};
			};
			buildConfigurationList = 76AE6D2F1F8F458B009298A9 /* Build configuration list for PBXProject "SimpleCalculator" */;
			compatibilityVersion = "Xcode 8.0";
			developmentRegion = en;
			hasScannedForEncodings = 0;
			knownRegions = (
				en,
				Base,
			);
			mainGroup = 76AE6D2B1F8F458B009298A9;
			productRefGroup = 76AE6D351F8F458B009298A9 /* Products */;
			projectDirPath = "";
			projectRoot = "";
			targets = (
				76AE6D331F8F458B009298A9 /* SimpleCalculator */,
				76AE6D4B1F8F458B009298A9 /* SimpleCalculatorTests */,
				76AE6D561F8F458B009298A9 /* SimpleCalculatorUITests */,
			);
		};
/* End PBXProject section */

/* Begin PBXResourcesBuildPhase section */
		76AE6D321F8F458B009298A9 /* Resources */ = {
			isa = PBXResourcesBuildPhase;
			buildActionMask = 2147483647;
			files = (
				76AE6D441F8F458B009298A9 /* LaunchScreen.storyboard in Resources */,
				76AE6D411F8F458B009298A9 /* Assets.xcassets in Resources */,
				76AE6D3F1F8F458B009298A9 /* Main.storyboard in Resources */,
			);
			runOnlyForDeploymentPostprocessing = 0;
		};
		76AE6D4A1F8F458B009298A9 /* Resources */ = {
			isa = PBXResourcesBuildPhase;
			buildActionMask = 2147483647;
			files = (
			);
			runOnlyForDeploymentPostprocessing = 0;
		};
		76AE6D551F8F458B009298A9 /* Resources */ = {
			isa = PBXResourcesBuildPhase;
			buildActionMask = 2147483647;
			files = (
			);
			runOnlyForDeploymentPostprocessing = 0;
		};
/* End PBXResourcesBuildPhase section */

/* Begin PBXSourcesBuildPhase section */
		76AE6D301F8F458B009298A9 /* Sources */ = {
			isa = PBXSourcesBuildPhase;
			buildActionMask = 2147483647;
			files = (
				76AE6D3C1F8F458B009298A9 /* ViewController.m in Sources */,
				76AE6D471F8F458B009298A9 /* main.m in Sources */,
				76AE6D391F8F458B009298A9 /* AppDelegate.m in Sources */,
			);
			runOnlyForDeploymentPostprocessing = 0;
		};
		76AE6D481F8F458B009298A9 /* Sources */ = {
			isa = PBXSourcesBuildPhase;
			buildActionMask = 2147483647;
			files = (
				76AE6D511F8F458B009298A9 /* SimpleCalculatorTests.m in Sources */,
			);
			runOnlyForDeploymentPostprocessing = 0;
		};
		76AE6D531F8F458B009298A9 /* Sources */ = {
			isa = PBXSourcesBuildPhase;
			buildActionMask = 2147483647;
			files = (
				76AE6D5C1F8F458B009298A9 /* SimpleCalculatorUITests.m in Sources */,
			);
			runOnlyForDeploymentPostprocessing = 0;
		};
/* End PBXSourcesBuildPhase section */

/* Begin PBXTargetDependency section */
		76AE6D4E1F8F458B009298A9 /* PBXTargetDependency */ = {
			isa = PBXTargetDependency;
			target = 76AE6D331F8F458B009298A9 /* SimpleCalculator */;
			targetProxy = 76AE6D4D1F8F458B009298A9 /* PBXContainerItemProxy */;
		};
		76AE6D591F8F458B009298A9 /* PBXTargetDependency */ = {
			isa = PBXTargetDependency;
			target = 76AE6D331F8F458B009298A9 /* SimpleCalculator */;
			targetProxy = 76AE6D581F8F458B009298A9 /* PBXContainerItemProxy */;
		};
/* End PBXTargetDependency section */

/* Begin PBXVariantGroup section */
		76AE6D3D1F8F458B009298A9 /* Main.storyboard */ = {
			isa = PBXVariantGroup;
			children = (
				76AE6D3E1F8F458B009298A9 /* Base */,
			);
			name = Main.storyboard;
			sourceTree = "<group>";
		};
		76AE6D421F8F458B009298A9 /* LaunchScreen.storyboard */ = {
			isa = PBXVariantGroup;
			children = (
				76AE6D431F8F458B009298A9 /* Base */,
			);
			name = LaunchScreen.storyboard;
			sourceTree = "<group>";
		};
/* End PBXVariantGroup section */

/* Begin XCBuildConfiguration section */
		76AE6D5E1F8F458B009298A9 /* Debug */ = {
			isa = XCBuildConfiguration;
			buildSettings = {
				ALWAYS_SEARCH_USER_PATHS = NO;
				CLANG_ANALYZER_NONNULL = YES;
				CLANG_ANALYZER_NUMBER_OBJECT_CONVERSION = YES_AGGRESSIVE;
				CLANG_CXX_LANGUAGE_STANDARD = "gnu++14";
				CLANG_CXX_LIBRARY = "libc++";
				CLANG_ENABLE_MODULES = YES;
				CLANG_ENABLE_OBJC_ARC = YES;
				CLANG_WARN_BLOCK_CAPTURE_AUTORELEASING = YES;
				CLANG_WARN_BOOL_CONVERSION = YES;
				CLANG_WARN_COMMA = YES;
				CLANG_WARN_CONSTANT_CONVERSION = YES;
				CLANG_WARN_DIRECT_OBJC_ISA_USAGE = YES_ERROR;
				CLANG_WARN_DOCUMENTATION_COMMENTS = YES;
				CLANG_WARN_EMPTY_BODY = YES;
				CLANG_WARN_ENUM_CONVERSION = YES;
				CLANG_WARN_INFINITE_RECURSION = YES;
				CLANG_WARN_INT_CONVERSION = YES;
				CLANG_WARN_NON_LITERAL_NULL_CONVERSION = YES;
				CLANG_WARN_OBJC_LITERAL_CONVERSION = YES;
				CLANG_WARN_OBJC_ROOT_CLASS = YES_ERROR;
				CLANG_WARN_RANGE_LOOP_ANALYSIS = YES;
				CLANG_WARN_STRICT_PROTOTYPES = YES;
				CLANG_WARN_SUSPICIOUS_MOVE = YES;
				CLANG_WARN_UNGUARDED_AVAILABILITY = YES_AGGRESSIVE;
				CLANG_WARN_UNREACHABLE_CODE = YES;
				CLANG_WARN__DUPLICATE_METHOD_MATCH = YES;
				CODE_SIGN_IDENTITY = "iPhone Developer";
				COPY_PHASE_STRIP = NO;
				DEBUG_INFORMATION_FORMAT = dwarf;
				ENABLE_STRICT_OBJC_MSGSEND = YES;
				ENABLE_TESTABILITY = YES;
				GCC_C_LANGUAGE_STANDARD = gnu11;
				GCC_DYNAMIC_NO_PIC = NO;
				GCC_NO_COMMON_BLOCKS = YES;
				GCC_OPTIMIZATION_LEVEL = 0;
				GCC_PREPROCESSOR_DEFINITIONS = (
					"DEBUG=1",
					"$(inherited)",
				);
				GCC_WARN_64_TO_32_BIT_CONVERSION = YES;
				GCC_WARN_ABOUT_RETURN_TYPE = YES_ERROR;
				GCC_WARN_UNDECLARED_SELECTOR = YES;
				GCC_WARN_UNINITIALIZED_AUTOS = YES_AGGRESSIVE;
				GCC_WARN_UNUSED_FUNCTION = YES;
				GCC_WARN_UNUSED_VARIABLE = YES;
				IPHONEOS_DEPLOYMENT_TARGET = 11.0;
				MTL_ENABLE_DEBUG_INFO = YES;
				ONLY_ACTIVE_ARCH = YES;
				SDKROOT = iphoneos;
			};
			name = Debug;
		};
		76AE6D5F1F8F458B009298A9 /* Release */ = {
			isa = XCBuildConfiguration;
			buildSettings = {
				ALWAYS_SEARCH_USER_PATHS = NO;
				CLANG_ANALYZER_NONNULL = YES;
				CLANG_ANALYZER_NUMBER_OBJECT_CONVERSION = YES_AGGRESSIVE;
				CLANG_CXX_LANGUAGE_STANDARD = "gnu++14";
				CLANG_CXX_LIBRARY = "libc++";
				CLANG_ENABLE_MODULES = YES;
				CLANG_ENABLE_OBJC_ARC = YES;
				CLANG_WARN_BLOCK_CAPTURE_AUTORELEASING = YES;
				CLANG_WARN_BOOL_CONVERSION = YES;
				CLANG_WARN_COMMA = YES;
				CLANG_WARN_CONSTANT_CONVERSION = YES;
				CLANG_WARN_DIRECT_OBJC_ISA_USAGE = YES_ERROR;
				CLANG_WARN_DOCUMENTATION_COMMENTS = YES;
				CLANG_WARN_EMPTY_BODY = YES;
				CLANG_WARN_ENUM_CONVERSION = YES;
				CLANG_WARN_INFINITE_RECURSION = YES;
				CLANG_WARN_INT_CONVERSION = YES;
				CLANG_WARN_NON_LITERAL_NULL_CONVERSION = YES;
				CLANG_WARN_OBJC_LITERAL_CONVERSION = YES;
				CLANG_WARN_OBJC_ROOT_CLASS = YES_ERROR;
				CLANG_WARN_RANGE_LOOP_ANALYSIS = YES;
				CLANG_WARN_STRICT_PROTOTYPES = YES;
				CLANG_WARN_SUSPICIOUS_MOVE = YES;
				CLANG_WARN_UNGUARDED_AVAILABILITY = YES_AGGRESSIVE;
				CLANG_WARN_UNREACHABLE_CODE = YES;
				CLANG_WARN__DUPLICATE_METHOD_MATCH = YES;
				CODE_SIGN_IDENTITY = "iPhone Developer";
				COPY_PHASE_STRIP = NO;
				DEBUG_INFORMATION_FORMAT = "dwarf-with-dsym";
				ENABLE_NS_ASSERTIONS = NO;
				ENABLE_STRICT_OBJC_MSGSEND = YES;
				GCC_C_LANGUAGE_STANDARD = gnu11;
				GCC_NO_COMMON_BLOCKS = YES;
				GCC_WARN_64_TO_32_BIT_CONVERSION = YES;
				GCC_WARN_ABOUT_RETURN_TYPE = YES_ERROR;
				GCC_WARN_UNDECLARED_SELECTOR = YES;
				GCC_WARN_UNINITIALIZED_AUTOS = YES_AGGRESSIVE;
				GCC_WARN_UNUSED_FUNCTION = YES;
				GCC_WARN_UNUSED_VARIABLE = YES;
				IPHONEOS_DEPLOYMENT_TARGET = 11.0;
				MTL_ENABLE_DEBUG_INFO = NO;
				SDKROOT = iphoneos;
				VALIDATE_PRODUCT = YES;
			};
			name = Release;
		};
		76AE6D611F8F458B009298A9 /* Debug */ = {
			isa = XCBuildConfiguration;
			buildSettings = {
				ASSETCATALOG_COMPILER_APPICON_NAME = AppIcon;
				CODE_SIGN_STYLE = Automatic;
				INFOPLIST_FILE = SimpleCalculator/Info.plist;
				LD_RUNPATH_SEARCH_PATHS = "$(inherited) @executable_path/Frameworks";
				PRODUCT_BUNDLE_IDENTIFIER = com.procit.SimpleCalculator;
				PRODUCT_NAME = "$(TARGET_NAME)";
				TARGETED_DEVICE_FAMILY = "1,2";
			};
			name = Debug;
		};
		76AE6D621F8F458B009298A9 /* Release */ = {
			isa = XCBuildConfiguration;
			buildSettings = {
				ASSETCATALOG_COMPILER_APPICON_NAME = AppIcon;
				CODE_SIGN_STYLE = Automatic;
				INFOPLIST_FILE = SimpleCalculator/Info.plist;
				LD_RUNPATH_SEARCH_PATHS = "$(inherited) @executable_path/Frameworks";
				PRODUCT_BUNDLE_IDENTIFIER = com.procit.SimpleCalculator;
				PRODUCT_NAME = "$(TARGET_NAME)";
				TARGETED_DEVICE_FAMILY = "1,2";
			};
			name = Release;
		};
		76AE6D641F8F458B009298A9 /* Debug */ = {
			isa = XCBuildConfiguration;
			buildSettings = {
				BUNDLE_LOADER = "$(TEST_HOST)";
				CODE_SIGN_STYLE = Automatic;
				INFOPLIST_FILE = SimpleCalculatorTests/Info.plist;
				LD_RUNPATH_SEARCH_PATHS = "$(inherited) @executable_path/Frameworks @loader_path/Frameworks";
				PRODUCT_BUNDLE_IDENTIFIER = com.procit.SimpleCalculatorTests;
				PRODUCT_NAME = "$(TARGET_NAME)";
				TARGETED_DEVICE_FAMILY = "1,2";
				TEST_HOST = "$(BUILT_PRODUCTS_DIR)/SimpleCalculator.app/SimpleCalculator";
			};
			name = Debug;
		};
		76AE6D651F8F458B009298A9 /* Release */ = {
			isa = XCBuildConfiguration;
			buildSettings = {
				BUNDLE_LOADER = "$(TEST_HOST)";
				CODE_SIGN_STYLE = Automatic;
				INFOPLIST_FILE = SimpleCalculatorTests/Info.plist;
				LD_RUNPATH_SEARCH_PATHS = "$(inherited) @executable_path/Frameworks @loader_path/Frameworks";
				PRODUCT_BUNDLE_IDENTIFIER = com.procit.SimpleCalculatorTests;
				PRODUCT_NAME = "$(TARGET_NAME)";
				TARGETED_DEVICE_FAMILY = "1,2";
				TEST_HOST = "$(BUILT_PRODUCTS_DIR)/SimpleCalculator.app/SimpleCalculator";
			};
			name = Release;
		};
		76AE6D671F8F458B009298A9 /* Debug */ = {
			isa = XCBuildConfiguration;
			buildSettings = {
				CODE_SIGN_STYLE = Automatic;
				INFOPLIST_FILE = SimpleCalculatorUITests/Info.plist;
				LD_RUNPATH_SEARCH_PATHS = "$(inherited) @executable_path/Frameworks @loader_path/Frameworks";
				PRODUCT_BUNDLE_IDENTIFIER = com.procit.SimpleCalculatorUITests;
				PRODUCT_NAME = "$(TARGET_NAME)";
				TARGETED_DEVICE_FAMILY = "1,2";
				TEST_TARGET_NAME = SimpleCalculator;
			};
			name = Debug;
		};
		76AE6D681F8F458B009298A9 /* Release */ = {
			isa = XCBuildConfiguration;
			buildSettings = {
				CODE_SIGN_STYLE = Automatic;
				INFOPLIST_FILE = SimpleCalculatorUITests/Info.plist;
				LD_RUNPATH_SEARCH_PATHS = "$(inherited) @executable_path/Frameworks @loader_path/Frameworks";
				PRODUCT_BUNDLE_IDENTIFIER = com.procit.SimpleCalculatorUITests;
				PRODUCT_NAME = "$(TARGET_NAME)";
				TARGETED_DEVICE_FAMILY = "1,2";
				TEST_TARGET_NAME = SimpleCalculator;
			};
			name = Release;
		};
/* End XCBuildConfiguration section */

/* Begin XCConfigurationList section */
		76AE6D2F1F8F458B009298A9 /* Build configuration list for PBXProject "SimpleCalculator" */ = {
			isa = XCConfigurationList;
			buildConfigurations = (
				76AE6D5E1F8F458B009298A9 /* Debug */,
				76AE6D5F1F8F458B009298A9 /* Release */,
			);
			defaultConfigurationIsVisible = 0;
			defaultConfigurationName = Release;
		};
		76AE6D601F8F458B009298A9 /* Build configuration list for PBXNativeTarget "SimpleCalculator" */ = {
			isa = XCConfigurationList;
			buildConfigurations = (
				76AE6D611F8F458B009298A9 /* Debug */,
				76AE6D621F8F458B009298A9 /* Release */,
			);
			defaultConfigurationIsVisible = 0;
			defaultConfigurationName = Release;
		};
		76AE6D631F8F458B009298A9 /* Build configuration list for PBXNativeTarget "SimpleCalculatorTests" */ = {
			isa = XCConfigurationList;
			buildConfigurations = (
				76AE6D641F8F458B009298A9 /* Debug */,
				76AE6D651F8F458B009298A9 /* Release */,
			);
			defaultConfigurationIsVisible = 0;
			defaultConfigurationName = Release;
		};
		76AE6D661F8F458B009298A9 /* Build configuration list for PBXNativeTarget "SimpleCalculatorUITests" */ = {
			isa = XCConfigurationList;
			buildConfigurations = (
				76AE6D671F8F458B009298A9 /* Debug */,
				76AE6D681F8F458B009298A9 /* Release */,
			);
			defaultConfigurationIsVisible = 0;
			defaultConfigurationName = Release;
		};
/* End XCConfigurationList section */
	};
	rootObject = 76AE6D2C1F8F458B009298A9 /* Project object */;
}
